
Microsoft Visual Studio Solution File, Format Version 12.00
# Visual Studio 15
VisualStudioVersion = 15.0.27703.2047
MinimumVisualStudioVersion = 10.0.40219.1
Project("{8BC9CEB8-8B4A-11D0-8D11-00A0C91BC942}") = "1-HelloAIE", "1-HelloAIE\1-HelloAIE.vcxproj", "{2EF1F5C5-D753-4461-90C9-6C7B8762E3E5}"
EndProject
Project("{8BC9CEB8-8B4A-11D0-8D11-00A0C91BC942}") = "Variables_and_Operators", "Variables_and_Operators\Variables_and_Operators.vcxproj", "{A3A8B8C3-D73B-40A0-BFA4-1673392CE148}"
EndProject
Project("{8BC9CEB8-8B4A-11D0-8D11-00A0C91BC942}") = "Arrays", "Arrays\Arrays.vcxproj", "{A38BEAD1-39E3-4B2A-A887-70FB9321033E}"
EndProject
Project("{8BC9CEB8-8B4A-11D0-8D11-00A0C91BC942}") = "Structs", "Structs\Structs.vcxproj", "{AEC13504-2AFE-4474-8865-38811A43FDA4}"
EndProject
Project("{8BC9CEB8-8B4A-11D0-8D11-00A0C91BC942}") = "Assessable (Tic-Tac-Toe)", "Assessable (Tic-Tac-Toe)\Assessable (Tic-Tac-Toe).vcxproj", "{C991D83C-72A6-43DC-AE4F-81BA091CC25E}"
EndProject
Project("{8BC9CEB8-8B4A-11D0-8D11-00A0C91BC942}") = "Points_To_Memory", "Points_To_Memory\Points_To_Memory.vcxproj", "{639D302F-BF80-4748-8CC1-5830A41280FA}"
EndProject
Project("{8BC9CEB8-8B4A-11D0-8D11-00A0C91BC942}") = "Dynamic_Memory_Allocation", "Dynamic_Memory_Allocation\Dynamic_Memory_Allocation.vcxproj", "{8C15F75B-5D0B-4BFF-8351-01A7F71E64AA}"
EndProject
Project("{8BC9CEB8-8B4A-11D0-8D11-00A0C91BC942}") = "Encapsulation", "Encapsulation\Encapsulation.vcxproj", "{0C4CA665-668C-4E2E-A529-93DDB3CBCDBE}"
EndProject
Project("{8BC9CEB8-8B4A-11D0-8D11-00A0C91BC942}") = "Classes", "Classes\Classes.vcxproj", "{364CDFA0-FD6E-4A30-A109-39EE75989C7C}"
EndProject
Project("{8BC9CEB8-8B4A-11D0-8D11-00A0C91BC942}") = "References", "References\References.vcxproj", "{CAE25BEB-B35E-489B-A077-CD281A2E69C5}"
EndProject
Project("{8BC9CEB8-8B4A-11D0-8D11-00A0C91BC942}") = "C-Strings", "C-Strings\C-Strings.vcxproj", "{648EBDED-74C7-43C1-AA3F-48A31AD8F1AF}"
EndProject
Project("{8BC9CEB8-8B4A-11D0-8D11-00A0C91BC942}") = "Assessable (Number Guessing Game)", "Assessable (Number Guessing Game)\Assessable (Number Guessing Game).vcxproj", "{C48D2B59-6780-482E-9B2D-103718CEAD22}"
EndProject
Project("{8BC9CEB8-8B4A-11D0-8D11-00A0C91BC942}") = "STL Strings", "STL Strings\STL Strings.vcxproj", "{3D38FFE6-1A2D-4CA6-BE2A-C6F6B35748C5}"
EndProject
Project("{8BC9CEB8-8B4A-11D0-8D11-00A0C91BC942}") = "Debugging Exercises", "Debugging Exercises\Debugging Exercises.vcxproj", "{522CC87D-E4E2-489B-972C-B15686783090}"
EndProject
Project("{8BC9CEB8-8B4A-11D0-8D11-00A0C91BC942}") = "Text Files", "Text Files\Text Files.vcxproj", "{B653220B-6D1B-463F-A744-0A65A204992C}"
EndProject
Global
	GlobalSection(SolutionConfigurationPlatforms) = preSolution
		Debug|x64 = Debug|x64
		Debug|x86 = Debug|x86
		Release|x64 = Release|x64
		Release|x86 = Release|x86
	EndGlobalSection
	GlobalSection(ProjectConfigurationPlatforms) = postSolution
		{2EF1F5C5-D753-4461-90C9-6C7B8762E3E5}.Debug|x64.ActiveCfg = Debug|x64
		{2EF1F5C5-D753-4461-90C9-6C7B8762E3E5}.Debug|x64.Build.0 = Debug|x64
		{2EF1F5C5-D753-4461-90C9-6C7B8762E3E5}.Debug|x86.ActiveCfg = Debug|Win32
		{2EF1F5C5-D753-4461-90C9-6C7B8762E3E5}.Debug|x86.Build.0 = Debug|Win32
		{2EF1F5C5-D753-4461-90C9-6C7B8762E3E5}.Release|x64.ActiveCfg = Release|x64
		{2EF1F5C5-D753-4461-90C9-6C7B8762E3E5}.Release|x64.Build.0 = Release|x64
		{2EF1F5C5-D753-4461-90C9-6C7B8762E3E5}.Release|x86.ActiveCfg = Release|Win32
		{2EF1F5C5-D753-4461-90C9-6C7B8762E3E5}.Release|x86.Build.0 = Release|Win32
		{A3A8B8C3-D73B-40A0-BFA4-1673392CE148}.Debug|x64.ActiveCfg = Debug|x64
		{A3A8B8C3-D73B-40A0-BFA4-1673392CE148}.Debug|x64.Build.0 = Debug|x64
		{A3A8B8C3-D73B-40A0-BFA4-1673392CE148}.Debug|x86.ActiveCfg = Debug|Win32
		{A3A8B8C3-D73B-40A0-BFA4-1673392CE148}.Debug|x86.Build.0 = Debug|Win32
		{A3A8B8C3-D73B-40A0-BFA4-1673392CE148}.Release|x64.ActiveCfg = Release|x64
		{A3A8B8C3-D73B-40A0-BFA4-1673392CE148}.Release|x64.Build.0 = Release|x64
		{A3A8B8C3-D73B-40A0-BFA4-1673392CE148}.Release|x86.ActiveCfg = Release|Win32
		{A3A8B8C3-D73B-40A0-BFA4-1673392CE148}.Release|x86.Build.0 = Release|Win32
		{A38BEAD1-39E3-4B2A-A887-70FB9321033E}.Debug|x64.ActiveCfg = Debug|x64
		{A38BEAD1-39E3-4B2A-A887-70FB9321033E}.Debug|x64.Build.0 = Debug|x64
		{A38BEAD1-39E3-4B2A-A887-70FB9321033E}.Debug|x86.ActiveCfg = Debug|Win32
		{A38BEAD1-39E3-4B2A-A887-70FB9321033E}.Debug|x86.Build.0 = Debug|Win32
		{A38BEAD1-39E3-4B2A-A887-70FB9321033E}.Release|x64.ActiveCfg = Release|x64
		{A38BEAD1-39E3-4B2A-A887-70FB9321033E}.Release|x64.Build.0 = Release|x64
		{A38BEAD1-39E3-4B2A-A887-70FB9321033E}.Release|x86.ActiveCfg = Release|Win32
		{A38BEAD1-39E3-4B2A-A887-70FB9321033E}.Release|x86.Build.0 = Release|Win32
		{AEC13504-2AFE-4474-8865-38811A43FDA4}.Debug|x64.ActiveCfg = Debug|x64
		{AEC13504-2AFE-4474-8865-38811A43FDA4}.Debug|x64.Build.0 = Debug|x64
		{AEC13504-2AFE-4474-8865-38811A43FDA4}.Debug|x86.ActiveCfg = Debug|Win32
		{AEC13504-2AFE-4474-8865-38811A43FDA4}.Debug|x86.Build.0 = Debug|Win32
		{AEC13504-2AFE-4474-8865-38811A43FDA4}.Release|x64.ActiveCfg = Release|x64
		{AEC13504-2AFE-4474-8865-38811A43FDA4}.Release|x64.Build.0 = Release|x64
		{AEC13504-2AFE-4474-8865-38811A43FDA4}.Release|x86.ActiveCfg = Release|Win32
		{AEC13504-2AFE-4474-8865-38811A43FDA4}.Release|x86.Build.0 = Release|Win32
		{C991D83C-72A6-43DC-AE4F-81BA091CC25E}.Debug|x64.ActiveCfg = Debug|x64
		{C991D83C-72A6-43DC-AE4F-81BA091CC25E}.Debug|x64.Build.0 = Debug|x64
		{C991D83C-72A6-43DC-AE4F-81BA091CC25E}.Debug|x86.ActiveCfg = Debug|Win32
		{C991D83C-72A6-43DC-AE4F-81BA091CC25E}.Debug|x86.Build.0 = Debug|Win32
		{C991D83C-72A6-43DC-AE4F-81BA091CC25E}.Release|x64.ActiveCfg = Release|x64
		{C991D83C-72A6-43DC-AE4F-81BA091CC25E}.Release|x64.Build.0 = Release|x64
		{C991D83C-72A6-43DC-AE4F-81BA091CC25E}.Release|x86.ActiveCfg = Release|Win32
		{C991D83C-72A6-43DC-AE4F-81BA091CC25E}.Release|x86.Build.0 = Release|Win32
		{639D302F-BF80-4748-8CC1-5830A41280FA}.Debug|x64.ActiveCfg = Debug|x64
		{639D302F-BF80-4748-8CC1-5830A41280FA}.Debug|x64.Build.0 = Debug|x64
		{639D302F-BF80-4748-8CC1-5830A41280FA}.Debug|x86.ActiveCfg = Debug|Win32
		{639D302F-BF80-4748-8CC1-5830A41280FA}.Debug|x86.Build.0 = Debug|Win32
		{639D302F-BF80-4748-8CC1-5830A41280FA}.Release|x64.ActiveCfg = Release|x64
		{639D302F-BF80-4748-8CC1-5830A41280FA}.Release|x64.Build.0 = Release|x64
		{639D302F-BF80-4748-8CC1-5830A41280FA}.Release|x86.ActiveCfg = Release|Win32
		{639D302F-BF80-4748-8CC1-5830A41280FA}.Release|x86.Build.0 = Release|Win32
		{8C15F75B-5D0B-4BFF-8351-01A7F71E64AA}.Debug|x64.ActiveCfg = Debug|x64
		{8C15F75B-5D0B-4BFF-8351-01A7F71E64AA}.Debug|x64.Build.0 = Debug|x64
		{8C15F75B-5D0B-4BFF-8351-01A7F71E64AA}.Debug|x86.ActiveCfg = Debug|Win32
		{8C15F75B-5D0B-4BFF-8351-01A7F71E64AA}.Debug|x86.Build.0 = Debug|Win32
		{8C15F75B-5D0B-4BFF-8351-01A7F71E64AA}.Release|x64.ActiveCfg = Release|x64
		{8C15F75B-5D0B-4BFF-8351-01A7F71E64AA}.Release|x64.Build.0 = Release|x64
		{8C15F75B-5D0B-4BFF-8351-01A7F71E64AA}.Release|x86.ActiveCfg = Release|Win32
		{8C15F75B-5D0B-4BFF-8351-01A7F71E64AA}.Release|x86.Build.0 = Release|Win32
		{0C4CA665-668C-4E2E-A529-93DDB3CBCDBE}.Debug|x64.ActiveCfg = Debug|x64
		{0C4CA665-668C-4E2E-A529-93DDB3CBCDBE}.Debug|x64.Build.0 = Debug|x64
		{0C4CA665-668C-4E2E-A529-93DDB3CBCDBE}.Debug|x86.ActiveCfg = Debug|Win32
		{0C4CA665-668C-4E2E-A529-93DDB3CBCDBE}.Debug|x86.Build.0 = Debug|Win32
		{0C4CA665-668C-4E2E-A529-93DDB3CBCDBE}.Release|x64.ActiveCfg = Release|x64
		{0C4CA665-668C-4E2E-A529-93DDB3CBCDBE}.Release|x64.Build.0 = Release|x64
		{0C4CA665-668C-4E2E-A529-93DDB3CBCDBE}.Release|x86.ActiveCfg = Release|Win32
		{0C4CA665-668C-4E2E-A529-93DDB3CBCDBE}.Release|x86.Build.0 = Release|Win32
		{364CDFA0-FD6E-4A30-A109-39EE75989C7C}.Debug|x64.ActiveCfg = Debug|x64
		{364CDFA0-FD6E-4A30-A109-39EE75989C7C}.Debug|x64.Build.0 = Debug|x64
		{364CDFA0-FD6E-4A30-A109-39EE75989C7C}.Debug|x86.ActiveCfg = Debug|Win32
		{364CDFA0-FD6E-4A30-A109-39EE75989C7C}.Debug|x86.Build.0 = Debug|Win32
		{364CDFA0-FD6E-4A30-A109-39EE75989C7C}.Release|x64.ActiveCfg = Release|x64
		{364CDFA0-FD6E-4A30-A109-39EE75989C7C}.Release|x64.Build.0 = Release|x64
		{364CDFA0-FD6E-4A30-A109-39EE75989C7C}.Release|x86.ActiveCfg = Release|Win32
		{364CDFA0-FD6E-4A30-A109-39EE75989C7C}.Release|x86.Build.0 = Release|Win32
		{CAE25BEB-B35E-489B-A077-CD281A2E69C5}.Debug|x64.ActiveCfg = Debug|x64
		{CAE25BEB-B35E-489B-A077-CD281A2E69C5}.Debug|x64.Build.0 = Debug|x64
		{CAE25BEB-B35E-489B-A077-CD281A2E69C5}.Debug|x86.ActiveCfg = Debug|Win32
		{CAE25BEB-B35E-489B-A077-CD281A2E69C5}.Debug|x86.Build.0 = Debug|Win32
		{CAE25BEB-B35E-489B-A077-CD281A2E69C5}.Release|x64.ActiveCfg = Release|x64
		{CAE25BEB-B35E-489B-A077-CD281A2E69C5}.Release|x64.Build.0 = Release|x64
		{CAE25BEB-B35E-489B-A077-CD281A2E69C5}.Release|x86.ActiveCfg = Release|Win32
		{CAE25BEB-B35E-489B-A077-CD281A2E69C5}.Release|x86.Build.0 = Release|Win32
		{648EBDED-74C7-43C1-AA3F-48A31AD8F1AF}.Debug|x64.ActiveCfg = Debug|x64
		{648EBDED-74C7-43C1-AA3F-48A31AD8F1AF}.Debug|x64.Build.0 = Debug|x64
		{648EBDED-74C7-43C1-AA3F-48A31AD8F1AF}.Debug|x86.ActiveCfg = Debug|Win32
		{648EBDED-74C7-43C1-AA3F-48A31AD8F1AF}.Debug|x86.Build.0 = Debug|Win32
		{648EBDED-74C7-43C1-AA3F-48A31AD8F1AF}.Release|x64.ActiveCfg = Release|x64
		{648EBDED-74C7-43C1-AA3F-48A31AD8F1AF}.Release|x64.Build.0 = Release|x64
		{648EBDED-74C7-43C1-AA3F-48A31AD8F1AF}.Release|x86.ActiveCfg = Release|Win32
		{648EBDED-74C7-43C1-AA3F-48A31AD8F1AF}.Release|x86.Build.0 = Release|Win32
		{C48D2B59-6780-482E-9B2D-103718CEAD22}.Debug|x64.ActiveCfg = Debug|x64
		{C48D2B59-6780-482E-9B2D-103718CEAD22}.Debug|x64.Build.0 = Debug|x64
		{C48D2B59-6780-482E-9B2D-103718CEAD22}.Debug|x86.ActiveCfg = Debug|Win32
		{C48D2B59-6780-482E-9B2D-103718CEAD22}.Debug|x86.Build.0 = Debug|Win32
		{C48D2B59-6780-482E-9B2D-103718CEAD22}.Release|x64.ActiveCfg = Release|x64
		{C48D2B59-6780-482E-9B2D-103718CEAD22}.Release|x64.Build.0 = Release|x64
		{C48D2B59-6780-482E-9B2D-103718CEAD22}.Release|x86.ActiveCfg = Release|Win32
		{C48D2B59-6780-482E-9B2D-103718CEAD22}.Release|x86.Build.0 = Release|Win32
		{3D38FFE6-1A2D-4CA6-BE2A-C6F6B35748C5}.Debug|x64.ActiveCfg = Debug|x64
		{3D38FFE6-1A2D-4CA6-BE2A-C6F6B35748C5}.Debug|x64.Build.0 = Debug|x64
		{3D38FFE6-1A2D-4CA6-BE2A-C6F6B35748C5}.Debug|x86.ActiveCfg = Debug|Win32
		{3D38FFE6-1A2D-4CA6-BE2A-C6F6B35748C5}.Debug|x86.Build.0 = Debug|Win32
		{3D38FFE6-1A2D-4CA6-BE2A-C6F6B35748C5}.Release|x64.ActiveCfg = Release|x64
		{3D38FFE6-1A2D-4CA6-BE2A-C6F6B35748C5}.Release|x64.Build.0 = Release|x64
		{3D38FFE6-1A2D-4CA6-BE2A-C6F6B35748C5}.Release|x86.ActiveCfg = Release|Win32
		{3D38FFE6-1A2D-4CA6-BE2A-C6F6B35748C5}.Release|x86.Build.0 = Release|Win32
		{522CC87D-E4E2-489B-972C-B15686783090}.Debug|x64.ActiveCfg = Debug|x64
		{522CC87D-E4E2-489B-972C-B15686783090}.Debug|x64.Build.0 = Debug|x64
		{522CC87D-E4E2-489B-972C-B15686783090}.Debug|x86.ActiveCfg = Debug|Win32
		{522CC87D-E4E2-489B-972C-B15686783090}.Debug|x86.Build.0 = Debug|Win32
		{522CC87D-E4E2-489B-972C-B15686783090}.Release|x64.ActiveCfg = Release|x64
		{522CC87D-E4E2-489B-972C-B15686783090}.Release|x64.Build.0 = Release|x64
		{522CC87D-E4E2-489B-972C-B15686783090}.Release|x86.ActiveCfg = Release|Win32
		{522CC87D-E4E2-489B-972C-B15686783090}.Release|x86.Build.0 = Release|Win32
		{B653220B-6D1B-463F-A744-0A65A204992C}.Debug|x64.ActiveCfg = Debug|x64
		{B653220B-6D1B-463F-A744-0A65A204992C}.Debug|x64.Build.0 = Debug|x64
		{B653220B-6D1B-463F-A744-0A65A204992C}.Debug|x86.ActiveCfg = Debug|Win32
		{B653220B-6D1B-463F-A744-0A65A204992C}.Debug|x86.Build.0 = Debug|Win32
		{B653220B-6D1B-463F-A744-0A65A204992C}.Release|x64.ActiveCfg = Release|x64
		{B653220B-6D1B-463F-A744-0A65A204992C}.Release|x64.Build.0 = Release|x64
		{B653220B-6D1B-463F-A744-0A65A204992C}.Release|x86.ActiveCfg = Release|Win32
		{B653220B-6D1B-463F-A744-0A65A204992C}.Release|x86.Build.0 = Release|Win32
	EndGlobalSection
	GlobalSection(SolutionProperties) = preSolution
		HideSolutionNode = FALSE
	EndGlobalSection
	GlobalSection(ExtensibilityGlobals) = postSolution
		SolutionGuid = {AFE83CF4-02DC-4857-A4C0-028E634801DB}
	EndGlobalSection
EndGlobal
